{
  "name": "CryptoSim",
  "version": "1.0.0",
  "lockfileVersion": 1,
  "requires": true,
  "dependencies": {
    "cryptocompare": {
      "version": "0.5.0",
      "resolved": "https://registry.npmjs.org/cryptocompare/-/cryptocompare-0.5.0.tgz",
      "integrity": "sha512-n6+5VgegBe+b6hG2IUT3oeUFMEofLrhh5Q1mNrj7O3M39kE+rncXxsRiZvgyprGiYAu+fXNs+j26yvGpvbPkAA=="
    },
    "node-fetch": {
      "version": "2.2.0",
      "resolved": "https://registry.npmjs.org/node-fetch/-/node-fetch-2.2.0.tgz",
      "integrity": "sha512-OayFWziIxiHY8bCUyLX6sTpDH8Jsbp4FfYd1j1f7vZyfgkcOnAyM4oQR16f8a0s7Gl/viMGRey8eScYk4V4EZA=="
    }
  }
}
